// !$*UTF8*$!
{
	archiveVersion = 1;
	classes = {
	};
	objectVersion = 56;
	objects = {

/* Begin PBXBuildFile section */
		871AC9FE2AEA710600EE35C6 /* SnapKit in Frameworks */ = {isa = PBXBuildFile; productRef = 871AC9FD2AEA710600EE35C6 /* SnapKit */; };
		871ACA002AEA710600EE35C6 /* SnapKit-Dynamic in Frameworks */ = {isa = PBXBuildFile; productRef = 871AC9FF2AEA710600EE35C6 /* SnapKit-Dynamic */; };
		873BB6282AE7F3F500961FC4 /* PlantDetailsViewModel.swift in Sources */ = {isa = PBXBuildFile; fileRef = 873BB6272AE7F3F500961FC4 /* PlantDetailsViewModel.swift */; };
		873BB62A2AE8530900961FC4 /* DataManager.swift in Sources */ = {isa = PBXBuildFile; fileRef = 873BB6292AE8530900961FC4 /* DataManager.swift */; };
		873BB6302AE95C0F00961FC4 /* PlantStoreViewModel.swift in Sources */ = {isa = PBXBuildFile; fileRef = 873BB62F2AE95C0F00961FC4 /* PlantStoreViewModel.swift */; };
		873BB6322AE9AD7900961FC4 /* PlantCellViewModal.swift in Sources */ = {isa = PBXBuildFile; fileRef = 873BB6312AE9AD7900961FC4 /* PlantCellViewModal.swift */; };
		874FBCE52AFA0A73002693CB /* FavoritesViewModel.swift in Sources */ = {isa = PBXBuildFile; fileRef = 874FBCE42AFA0A73002693CB /* FavoritesViewModel.swift */; };
		874FBCE82AFA0CEE002693CB /* FavoriteCell.swift in Sources */ = {isa = PBXBuildFile; fileRef = 874FBCE72AFA0CEE002693CB /* FavoriteCell.swift */; };
		874FBCEA2AFA0DFA002693CB /* FavoriteCellViewModel.swift in Sources */ = {isa = PBXBuildFile; fileRef = 874FBCE92AFA0DFA002693CB /* FavoriteCellViewModel.swift */; };
		874FBCEE2AFA5D73002693CB /* Extension + UIImage.swift in Sources */ = {isa = PBXBuildFile; fileRef = 874FBCED2AFA5D73002693CB /* Extension + UIImage.swift */; };
		874FBCF02AFBBD6D002693CB /* TabBarViewModel.swift in Sources */ = {isa = PBXBuildFile; fileRef = 874FBCEF2AFBBD6D002693CB /* TabBarViewModel.swift */; };
		8776077F2ADEB6C8002565A5 /* PlantDetailsViewController.swift in Sources */ = {isa = PBXBuildFile; fileRef = 8776077E2ADEB6C8002565A5 /* PlantDetailsViewController.swift */; };
		877607842ADEBC75002565A5 /* FavoritesViewController.swift in Sources */ = {isa = PBXBuildFile; fileRef = 877607832ADEBC75002565A5 /* FavoritesViewController.swift */; };
		87E3131D2ADC453900761FC0 /* AppDelegate.swift in Sources */ = {isa = PBXBuildFile; fileRef = 87E3131C2ADC453900761FC0 /* AppDelegate.swift */; };
		87E3131F2ADC453900761FC0 /* SceneDelegate.swift in Sources */ = {isa = PBXBuildFile; fileRef = 87E3131E2ADC453900761FC0 /* SceneDelegate.swift */; };
		87E313212ADC453900761FC0 /* TabBarController.swift in Sources */ = {isa = PBXBuildFile; fileRef = 87E313202ADC453900761FC0 /* TabBarController.swift */; };
		87E313262ADC453B00761FC0 /* Assets.xcassets in Resources */ = {isa = PBXBuildFile; fileRef = 87E313252ADC453B00761FC0 /* Assets.xcassets */; };
		87E313292ADC453B00761FC0 /* LaunchScreen.storyboard in Resources */ = {isa = PBXBuildFile; fileRef = 87E313272ADC453B00761FC0 /* LaunchScreen.storyboard */; };
		87E313352ADC5C5200761FC0 /* PlantStoreViewController.swift in Sources */ = {isa = PBXBuildFile; fileRef = 87E313342ADC5C5200761FC0 /* PlantStoreViewController.swift */; };
		87E313372ADC725300761FC0 /* PlantCell.swift in Sources */ = {isa = PBXBuildFile; fileRef = 87E313362ADC725300761FC0 /* PlantCell.swift */; };
		87E313392ADC750500761FC0 /* Plant.swift in Sources */ = {isa = PBXBuildFile; fileRef = 87E313382ADC750500761FC0 /* Plant.swift */; };
		87E3133D2ADDCD5700761FC0 /* Extension + UIColor.swift in Sources */ = {isa = PBXBuildFile; fileRef = 87E3133C2ADDCD5700761FC0 /* Extension + UIColor.swift */; };
		87E998062AF0F284005EE1CD /* Extension + UIViewController.swift in Sources */ = {isa = PBXBuildFile; fileRef = 87E998052AF0F284005EE1CD /* Extension + UIViewController.swift */; };
		87E9980B2AF37B69005EE1CD /* CartViewModel.swift in Sources */ = {isa = PBXBuildFile; fileRef = 87E9980A2AF37B69005EE1CD /* CartViewModel.swift */; };
		87E9980D2AF37BB5005EE1CD /* CartViewController.swift in Sources */ = {isa = PBXBuildFile; fileRef = 87E9980C2AF37BB5005EE1CD /* CartViewController.swift */; };
		87E998102AF382F4005EE1CD /* CartCell.swift in Sources */ = {isa = PBXBuildFile; fileRef = 87E9980F2AF382F4005EE1CD /* CartCell.swift */; };
		87E998122AF38321005EE1CD /* CartCellViewModel.swift in Sources */ = {isa = PBXBuildFile; fileRef = 87E998112AF38321005EE1CD /* CartCellViewModel.swift */; };
		87FBF3292AF8103A00B65B41 /* Extension + UIImageView.swift in Sources */ = {isa = PBXBuildFile; fileRef = 87FBF3282AF8103A00B65B41 /* Extension + UIImageView.swift */; };
		87FBF3302AF8312E00B65B41 /* plant.gif in Resources */ = {isa = PBXBuildFile; fileRef = 87FBF32F2AF8312E00B65B41 /* plant.gif */; };
		87FBF3332AF8DC2500B65B41 /* OrderViewController.swift in Sources */ = {isa = PBXBuildFile; fileRef = 87FBF3322AF8DC2500B65B41 /* OrderViewController.swift */; };
/* End PBXBuildFile section */

/* Begin PBXFileReference section */
		873BB6272AE7F3F500961FC4 /* PlantDetailsViewModel.swift */ = {isa = PBXFileReference; lastKnownFileType = sourcecode.swift; path = PlantDetailsViewModel.swift; sourceTree = "<group>"; };
		873BB6292AE8530900961FC4 /* DataManager.swift */ = {isa = PBXFileReference; lastKnownFileType = sourcecode.swift; path = DataManager.swift; sourceTree = "<group>"; };
		873BB62F2AE95C0F00961FC4 /* PlantStoreViewModel.swift */ = {isa = PBXFileReference; lastKnownFileType = sourcecode.swift; path = PlantStoreViewModel.swift; sourceTree = "<group>"; };
		873BB6312AE9AD7900961FC4 /* PlantCellViewModal.swift */ = {isa = PBXFileReference; lastKnownFileType = sourcecode.swift; path = PlantCellViewModal.swift; sourceTree = "<group>"; };
		874FBCE42AFA0A73002693CB /* FavoritesViewModel.swift */ = {isa = PBXFileReference; lastKnownFileType = sourcecode.swift; path = FavoritesViewModel.swift; sourceTree = "<group>"; };
		874FBCE72AFA0CEE002693CB /* FavoriteCell.swift */ = {isa = PBXFileReference; lastKnownFileType = sourcecode.swift; path = FavoriteCell.swift; sourceTree = "<group>"; };
		874FBCE92AFA0DFA002693CB /* FavoriteCellViewModel.swift */ = {isa = PBXFileReference; lastKnownFileType = sourcecode.swift; path = FavoriteCellViewModel.swift; sourceTree = "<group>"; };
		874FBCED2AFA5D73002693CB /* Extension + UIImage.swift */ = {isa = PBXFileReference; lastKnownFileType = sourcecode.swift; path = "Extension + UIImage.swift"; sourceTree = "<group>"; };
		874FBCEF2AFBBD6D002693CB /* TabBarViewModel.swift */ = {isa = PBXFileReference; lastKnownFileType = sourcecode.swift; path = TabBarViewModel.swift; sourceTree = "<group>"; };
		8776077E2ADEB6C8002565A5 /* PlantDetailsViewController.swift */ = {isa = PBXFileReference; lastKnownFileType = sourcecode.swift; path = PlantDetailsViewController.swift; sourceTree = "<group>"; };
		877607832ADEBC75002565A5 /* FavoritesViewController.swift */ = {isa = PBXFileReference; lastKnownFileType = sourcecode.swift; path = FavoritesViewController.swift; sourceTree = "<group>"; };
		87E313192ADC453900761FC0 /* PlantSrore.app */ = {isa = PBXFileReference; explicitFileType = wrapper.application; includeInIndex = 0; path = PlantSrore.app; sourceTree = BUILT_PRODUCTS_DIR; };
		87E3131C2ADC453900761FC0 /* AppDelegate.swift */ = {isa = PBXFileReference; lastKnownFileType = sourcecode.swift; path = AppDelegate.swift; sourceTree = "<group>"; };
		87E3131E2ADC453900761FC0 /* SceneDelegate.swift */ = {isa = PBXFileReference; lastKnownFileType = sourcecode.swift; path = SceneDelegate.swift; sourceTree = "<group>"; };
		87E313202ADC453900761FC0 /* TabBarController.swift */ = {isa = PBXFileReference; lastKnownFileType = sourcecode.swift; path = TabBarController.swift; sourceTree = "<group>"; };
		87E313252ADC453B00761FC0 /* Assets.xcassets */ = {isa = PBXFileReference; lastKnownFileType = folder.assetcatalog; path = Assets.xcassets; sourceTree = "<group>"; };
		87E313282ADC453B00761FC0 /* Base */ = {isa = PBXFileReference; lastKnownFileType = file.storyboard; name = Base; path = Base.lproj/LaunchScreen.storyboard; sourceTree = "<group>"; };
		87E3132A2ADC453B00761FC0 /* Info.plist */ = {isa = PBXFileReference; lastKnownFileType = text.plist.xml; path = Info.plist; sourceTree = "<group>"; };
		87E313342ADC5C5200761FC0 /* PlantStoreViewController.swift */ = {isa = PBXFileReference; lastKnownFileType = sourcecode.swift; path = PlantStoreViewController.swift; sourceTree = "<group>"; };
		87E313362ADC725300761FC0 /* PlantCell.swift */ = {isa = PBXFileReference; lastKnownFileType = sourcecode.swift; path = PlantCell.swift; sourceTree = "<group>"; };
		87E313382ADC750500761FC0 /* Plant.swift */ = {isa = PBXFileReference; lastKnownFileType = sourcecode.swift; path = Plant.swift; sourceTree = "<group>"; };
		87E3133C2ADDCD5700761FC0 /* Extension + UIColor.swift */ = {isa = PBXFileReference; lastKnownFileType = sourcecode.swift; path = "Extension + UIColor.swift"; sourceTree = "<group>"; };
		87E998052AF0F284005EE1CD /* Extension + UIViewController.swift */ = {isa = PBXFileReference; lastKnownFileType = sourcecode.swift; path = "Extension + UIViewController.swift"; sourceTree = "<group>"; };
		87E9980A2AF37B69005EE1CD /* CartViewModel.swift */ = {isa = PBXFileReference; lastKnownFileType = sourcecode.swift; path = CartViewModel.swift; sourceTree = "<group>"; };
		87E9980C2AF37BB5005EE1CD /* CartViewController.swift */ = {isa = PBXFileReference; lastKnownFileType = sourcecode.swift; path = CartViewController.swift; sourceTree = "<group>"; };
		87E9980F2AF382F4005EE1CD /* CartCell.swift */ = {isa = PBXFileReference; lastKnownFileType = sourcecode.swift; path = CartCell.swift; sourceTree = "<group>"; };
		87E998112AF38321005EE1CD /* CartCellViewModel.swift */ = {isa = PBXFileReference; lastKnownFileType = sourcecode.swift; path = CartCellViewModel.swift; sourceTree = "<group>"; };
		87FBF3282AF8103A00B65B41 /* Extension + UIImageView.swift */ = {isa = PBXFileReference; lastKnownFileType = sourcecode.swift; path = "Extension + UIImageView.swift"; sourceTree = "<group>"; };
		87FBF32F2AF8312E00B65B41 /* plant.gif */ = {isa = PBXFileReference; lastKnownFileType = image.gif; path = plant.gif; sourceTree = "<group>"; };
		87FBF3322AF8DC2500B65B41 /* OrderViewController.swift */ = {isa = PBXFileReference; lastKnownFileType = sourcecode.swift; path = OrderViewController.swift; sourceTree = "<group>"; };
/* End PBXFileReference section */

/* Begin PBXFrameworksBuildPhase section */
		87E313162ADC453900761FC0 /* Frameworks */ = {
			isa = PBXFrameworksBuildPhase;
			buildActionMask = 2147483647;
			files = (
				871AC9FE2AEA710600EE35C6 /* SnapKit in Frameworks */,
				871ACA002AEA710600EE35C6 /* SnapKit-Dynamic in Frameworks */,
			);
			runOnlyForDeploymentPostprocessing = 0;
		};
/* End PBXFrameworksBuildPhase section */

/* Begin PBXGroup section */
		871ACA012AEBAC5E00EE35C6 /* Services */ = {
			isa = PBXGroup;
			children = (
				873BB6292AE8530900961FC4 /* DataManager.swift */,
			);
			path = Services;
			sourceTree = "<group>";
		};
		873BB62B2AE9581E00961FC4 /* PlantCollection */ = {
			isa = PBXGroup;
			children = (
				87E313342ADC5C5200761FC0 /* PlantStoreViewController.swift */,
				873BB62F2AE95C0F00961FC4 /* PlantStoreViewModel.swift */,
				873BB62E2AE95B5800961FC4 /* PlantCell */,
			);
			path = PlantCollection;
			sourceTree = "<group>";
		};
		873BB62C2AE9584200961FC4 /* Cart */ = {
			isa = PBXGroup;
			children = (
				87E9980C2AF37BB5005EE1CD /* CartViewController.swift */,
				87E9980A2AF37B69005EE1CD /* CartViewModel.swift */,
				87E9980E2AF37EEA005EE1CD /* CartCell */,
				87FBF3312AF8DBE300B65B41 /* Order */,
			);
			path = Cart;
			sourceTree = "<group>";
		};
		873BB62D2AE9585500961FC4 /* Favorites */ = {
			isa = PBXGroup;
			children = (
				877607832ADEBC75002565A5 /* FavoritesViewController.swift */,
				874FBCE42AFA0A73002693CB /* FavoritesViewModel.swift */,
				874FBCE62AFA0CD0002693CB /* FavoriteCell */,
			);
			path = Favorites;
			sourceTree = "<group>";
		};
		873BB62E2AE95B5800961FC4 /* PlantCell */ = {
			isa = PBXGroup;
			children = (
				87E313362ADC725300761FC0 /* PlantCell.swift */,
				873BB6312AE9AD7900961FC4 /* PlantCellViewModal.swift */,
			);
			path = PlantCell;
			sourceTree = "<group>";
		};
		874FBCE62AFA0CD0002693CB /* FavoriteCell */ = {
			isa = PBXGroup;
			children = (
				874FBCE72AFA0CEE002693CB /* FavoriteCell.swift */,
				874FBCE92AFA0DFA002693CB /* FavoriteCellViewModel.swift */,
			);
			path = FavoriteCell;
			sourceTree = "<group>";
		};
		877607802ADEB6E8002565A5 /* PlantDetails */ = {
			isa = PBXGroup;
			children = (
				8776077E2ADEB6C8002565A5 /* PlantDetailsViewController.swift */,
				873BB6272AE7F3F500961FC4 /* PlantDetailsViewModel.swift */,
			);
			path = PlantDetails;
			sourceTree = "<group>";
		};
		87E313102ADC453900761FC0 = {
			isa = PBXGroup;
			children = (
				87E3131B2ADC453900761FC0 /* PlantSrore */,
				87E3131A2ADC453900761FC0 /* Products */,
			);
			sourceTree = "<group>";
		};
		87E3131A2ADC453900761FC0 /* Products */ = {
			isa = PBXGroup;
			children = (
				87E313192ADC453900761FC0 /* PlantSrore.app */,
			);
			name = Products;
			sourceTree = "<group>";
		};
		87E3131B2ADC453900761FC0 /* PlantSrore */ = {
			isa = PBXGroup;
			children = (
				87E3131C2ADC453900761FC0 /* AppDelegate.swift */,
				87E3131E2ADC453900761FC0 /* SceneDelegate.swift */,
				87E998092AF370F7005EE1CD /* TabBar */,
				873BB62B2AE9581E00961FC4 /* PlantCollection */,
				873BB62C2AE9584200961FC4 /* Cart */,
				873BB62D2AE9585500961FC4 /* Favorites */,
				877607802ADEB6E8002565A5 /* PlantDetails */,
				871ACA012AEBAC5E00EE35C6 /* Services */,
				87FBF3342AF9265700B65B41 /* Models */,
				87FBF3272AF80FEF00B65B41 /* Extensions */,
				87FBF32A2AF8108F00B65B41 /* Gifs */,
				87E313252ADC453B00761FC0 /* Assets.xcassets */,
				87E313272ADC453B00761FC0 /* LaunchScreen.storyboard */,
				87E3132A2ADC453B00761FC0 /* Info.plist */,
			);
			path = PlantSrore;
			sourceTree = "<group>";
		};
		87E998092AF370F7005EE1CD /* TabBar */ = {
			isa = PBXGroup;
			children = (
				87E313202ADC453900761FC0 /* TabBarController.swift */,
				874FBCEF2AFBBD6D002693CB /* TabBarViewModel.swift */,
			);
			path = TabBar;
			sourceTree = "<group>";
		};
		87E9980E2AF37EEA005EE1CD /* CartCell */ = {
			isa = PBXGroup;
			children = (
				87E9980F2AF382F4005EE1CD /* CartCell.swift */,
				87E998112AF38321005EE1CD /* CartCellViewModel.swift */,
			);
			path = CartCell;
			sourceTree = "<group>";
		};
		87FBF3272AF80FEF00B65B41 /* Extensions */ = {
			isa = PBXGroup;
			children = (
				87E3133C2ADDCD5700761FC0 /* Extension + UIColor.swift */,
				87E998052AF0F284005EE1CD /* Extension + UIViewController.swift */,
				87FBF3282AF8103A00B65B41 /* Extension + UIImageView.swift */,
				874FBCED2AFA5D73002693CB /* Extension + UIImage.swift */,
			);
			path = Extensions;
			sourceTree = "<group>";
		};
		87FBF32A2AF8108F00B65B41 /* Gifs */ = {
			isa = PBXGroup;
			children = (
				87FBF32F2AF8312E00B65B41 /* plant.gif */,
			);
			path = Gifs;
			sourceTree = "<group>";
		};
		87FBF3312AF8DBE300B65B41 /* Order */ = {
			isa = PBXGroup;
			children = (
				87FBF3322AF8DC2500B65B41 /* OrderViewController.swift */,
			);
			path = Order;
			sourceTree = "<group>";
		};
		87FBF3342AF9265700B65B41 /* Models */ = {
			isa = PBXGroup;
			children = (
				87E313382ADC750500761FC0 /* Plant.swift */,
			);
			path = Models;
			sourceTree = "<group>";
		};
/* End PBXGroup section */

/* Begin PBXNativeTarget section */
		87E313182ADC453900761FC0 /* PlantSrore */ = {
			isa = PBXNativeTarget;
			buildConfigurationList = 87E3132D2ADC453B00761FC0 /* Build configuration list for PBXNativeTarget "PlantSrore" */;
			buildPhases = (
				87E313152ADC453900761FC0 /* Sources */,
				87E313162ADC453900761FC0 /* Frameworks */,
				87E313172ADC453900761FC0 /* Resources */,
			);
			buildRules = (
			);
			dependencies = (
			);
			name = PlantSrore;
			packageProductDependencies = (
				871AC9FD2AEA710600EE35C6 /* SnapKit */,
				871AC9FF2AEA710600EE35C6 /* SnapKit-Dynamic */,
			);
			productName = PlantSrore;
			productReference = 87E313192ADC453900761FC0 /* PlantSrore.app */;
			productType = "com.apple.product-type.application";
		};
/* End PBXNativeTarget section */

/* Begin PBXProject section */
		87E313112ADC453900761FC0 /* Project object */ = {
			isa = PBXProject;
			attributes = {
				BuildIndependentTargetsInParallel = 1;
				LastSwiftUpdateCheck = 1500;
				LastUpgradeCheck = 1500;
				TargetAttributes = {
					87E313182ADC453900761FC0 = {
						CreatedOnToolsVersion = 15.0;
					};
				};
			};
			buildConfigurationList = 87E313142ADC453900761FC0 /* Build configuration list for PBXProject "PlantSrore" */;
			compatibilityVersion = "Xcode 14.0";
			developmentRegion = en;
			hasScannedForEncodings = 0;
			knownRegions = (
				en,
				Base,
			);
			mainGroup = 87E313102ADC453900761FC0;
			packageReferences = (
				871AC9FC2AEA710600EE35C6 /* XCRemoteSwiftPackageReference "SnapKit" */,
			);
			productRefGroup = 87E3131A2ADC453900761FC0 /* Products */;
			projectDirPath = "";
			projectRoot = "";
			targets = (
				87E313182ADC453900761FC0 /* PlantSrore */,
			);
		};
/* End PBXProject section */

/* Begin PBXResourcesBuildPhase section */
		87E313172ADC453900761FC0 /* Resources */ = {
			isa = PBXResourcesBuildPhase;
			buildActionMask = 2147483647;
			files = (
				87E313292ADC453B00761FC0 /* LaunchScreen.storyboard in Resources */,
				87FBF3302AF8312E00B65B41 /* plant.gif in Resources */,
				87E313262ADC453B00761FC0 /* Assets.xcassets in Resources */,
			);
			runOnlyForDeploymentPostprocessing = 0;
		};
/* End PBXResourcesBuildPhase section */

/* Begin PBXSourcesBuildPhase section */
		87E313152ADC453900761FC0 /* Sources */ = {
			isa = PBXSourcesBuildPhase;
			buildActionMask = 2147483647;
			files = (
				874FBCF02AFBBD6D002693CB /* TabBarViewModel.swift in Sources */,
				87E998062AF0F284005EE1CD /* Extension + UIViewController.swift in Sources */,
				873BB6302AE95C0F00961FC4 /* PlantStoreViewModel.swift in Sources */,
				8776077F2ADEB6C8002565A5 /* PlantDetailsViewController.swift in Sources */,
				877607842ADEBC75002565A5 /* FavoritesViewController.swift in Sources */,
				87E998122AF38321005EE1CD /* CartCellViewModel.swift in Sources */,
				874FBCE82AFA0CEE002693CB /* FavoriteCell.swift in Sources */,
				87E9980B2AF37B69005EE1CD /* CartViewModel.swift in Sources */,
				874FBCEE2AFA5D73002693CB /* Extension + UIImage.swift in Sources */,
				87E9980D2AF37BB5005EE1CD /* CartViewController.swift in Sources */,
				87E3133D2ADDCD5700761FC0 /* Extension + UIColor.swift in Sources */,
				87E313212ADC453900761FC0 /* TabBarController.swift in Sources */,
				873BB6322AE9AD7900961FC4 /* PlantCellViewModal.swift in Sources */,
				87E313392ADC750500761FC0 /* Plant.swift in Sources */,
				87FBF3332AF8DC2500B65B41 /* OrderViewController.swift in Sources */,
				874FBCEA2AFA0DFA002693CB /* FavoriteCellViewModel.swift in Sources */,
				873BB6282AE7F3F500961FC4 /* PlantDetailsViewModel.swift in Sources */,
				87E998102AF382F4005EE1CD /* CartCell.swift in Sources */,
				87E313372ADC725300761FC0 /* PlantCell.swift in Sources */,
				874FBCE52AFA0A73002693CB /* FavoritesViewModel.swift in Sources */,
				87E3131D2ADC453900761FC0 /* AppDelegate.swift in Sources */,
				87E313352ADC5C5200761FC0 /* PlantStoreViewController.swift in Sources */,
				87FBF3292AF8103A00B65B41 /* Extension + UIImageView.swift in Sources */,
				873BB62A2AE8530900961FC4 /* DataManager.swift in Sources */,
				87E3131F2ADC453900761FC0 /* SceneDelegate.swift in Sources */,
			);
			runOnlyForDeploymentPostprocessing = 0;
		};
/* End PBXSourcesBuildPhase section */

/* Begin PBXVariantGroup section */
		87E313272ADC453B00761FC0 /* LaunchScreen.storyboard */ = {
			isa = PBXVariantGroup;
			children = (
				87E313282ADC453B00761FC0 /* Base */,
			);
			name = LaunchScreen.storyboard;
			sourceTree = "<group>";
		};
/* End PBXVariantGroup section */

/* Begin XCBuildConfiguration section */
		87E3132B2ADC453B00761FC0 /* Debug */ = {
			isa = XCBuildConfiguration;
			buildSettings = {
				ALWAYS_SEARCH_USER_PATHS = NO;
				ASSETCATALOG_COMPILER_GENERATE_SWIFT_ASSET_SYMBOL_EXTENSIONS = YES;
				CLANG_ANALYZER_NONNULL = YES;
				CLANG_ANALYZER_NUMBER_OBJECT_CONVERSION = YES_AGGRESSIVE;
				CLANG_CXX_LANGUAGE_STANDARD = "gnu++20";
				CLANG_ENABLE_MODULES = YES;
				CLANG_ENABLE_OBJC_ARC = YES;
				CLANG_ENABLE_OBJC_WEAK = YES;
				CLANG_WARN_BLOCK_CAPTURE_AUTORELEASING = YES;
				CLANG_WARN_BOOL_CONVERSION = YES;
				CLANG_WARN_COMMA = YES;
				CLANG_WARN_CONSTANT_CONVERSION = YES;
				CLANG_WARN_DEPRECATED_OBJC_IMPLEMENTATIONS = YES;
				CLANG_WARN_DIRECT_OBJC_ISA_USAGE = YES_ERROR;
				CLANG_WARN_DOCUMENTATION_COMMENTS = YES;
				CLANG_WARN_EMPTY_BODY = YES;
				CLANG_WARN_ENUM_CONVERSION = YES;
				CLANG_WARN_INFINITE_RECURSION = YES;
				CLANG_WARN_INT_CONVERSION = YES;
				CLANG_WARN_NON_LITERAL_NULL_CONVERSION = YES;
				CLANG_WARN_OBJC_IMPLICIT_RETAIN_SELF = YES;
				CLANG_WARN_OBJC_LITERAL_CONVERSION = YES;
				CLANG_WARN_OBJC_ROOT_CLASS = YES_ERROR;
				CLANG_WARN_QUOTED_INCLUDE_IN_FRAMEWORK_HEADER = YES;
				CLANG_WARN_RANGE_LOOP_ANALYSIS = YES;
				CLANG_WARN_STRICT_PROTOTYPES = YES;
				CLANG_WARN_SUSPICIOUS_MOVE = YES;
				CLANG_WARN_UNGUARDED_AVAILABILITY = YES_AGGRESSIVE;
				CLANG_WARN_UNREACHABLE_CODE = YES;
				CLANG_WARN__DUPLICATE_METHOD_MATCH = YES;
				COPY_PHASE_STRIP = NO;
				DEBUG_INFORMATION_FORMAT = dwarf;
				ENABLE_STRICT_OBJC_MSGSEND = YES;
				ENABLE_TESTABILITY = YES;
				ENABLE_USER_SCRIPT_SANDBOXING = YES;
				GCC_C_LANGUAGE_STANDARD = gnu17;
				GCC_DYNAMIC_NO_PIC = NO;
				GCC_NO_COMMON_BLOCKS = YES;
				GCC_OPTIMIZATION_LEVEL = 0;
				GCC_PREPROCESSOR_DEFINITIONS = (
					"DEBUG=1",
					"$(inherited)",
				);
				GCC_WARN_64_TO_32_BIT_CONVERSION = YES;
				GCC_WARN_ABOUT_RETURN_TYPE = YES_ERROR;
				GCC_WARN_UNDECLARED_SELECTOR = YES;
				GCC_WARN_UNINITIALIZED_AUTOS = YES_AGGRESSIVE;
				GCC_WARN_UNUSED_FUNCTION = YES;
				GCC_WARN_UNUSED_VARIABLE = YES;
				IPHONEOS_DEPLOYMENT_TARGET = 17.0;
				LOCALIZATION_PREFERS_STRING_CATALOGS = YES;
				MTL_ENABLE_DEBUG_INFO = INCLUDE_SOURCE;
				MTL_FAST_MATH = YES;
				ONLY_ACTIVE_ARCH = YES;
				SDKROOT = iphoneos;
				SWIFT_ACTIVE_COMPILATION_CONDITIONS = "DEBUG $(inherited)";
				SWIFT_OPTIMIZATION_LEVEL = "-Onone";
			};
			name = Debug;
		};
		87E3132C2ADC453B00761FC0 /* Release */ = {
			isa = XCBuildConfiguration;
			buildSettings = {
				ALWAYS_SEARCH_USER_PATHS = NO;
				ASSETCATALOG_COMPILER_GENERATE_SWIFT_ASSET_SYMBOL_EXTENSIONS = YES;
				CLANG_ANALYZER_NONNULL = YES;
				CLANG_ANALYZER_NUMBER_OBJECT_CONVERSION = YES_AGGRESSIVE;
				CLANG_CXX_LANGUAGE_STANDARD = "gnu++20";
				CLANG_ENABLE_MODULES = YES;
				CLANG_ENABLE_OBJC_ARC = YES;
				CLANG_ENABLE_OBJC_WEAK = YES;
				CLANG_WARN_BLOCK_CAPTURE_AUTORELEASING = YES;
				CLANG_WARN_BOOL_CONVERSION = YES;
				CLANG_WARN_COMMA = YES;
				CLANG_WARN_CONSTANT_CONVERSION = YES;
				CLANG_WARN_DEPRECATED_OBJC_IMPLEMENTATIONS = YES;
				CLANG_WARN_DIRECT_OBJC_ISA_USAGE = YES_ERROR;
				CLANG_WARN_DOCUMENTATION_COMMENTS = YES;
				CLANG_WARN_EMPTY_BODY = YES;
				CLANG_WARN_ENUM_CONVERSION = YES;
				CLANG_WARN_INFINITE_RECURSION = YES;
				CLANG_WARN_INT_CONVERSION = YES;
				CLANG_WARN_NON_LITERAL_NULL_CONVERSION = YES;
				CLANG_WARN_OBJC_IMPLICIT_RETAIN_SELF = YES;
				CLANG_WARN_OBJC_LITERAL_CONVERSION = YES;
				CLANG_WARN_OBJC_ROOT_CLASS = YES_ERROR;
				CLANG_WARN_QUOTED_INCLUDE_IN_FRAMEWORK_HEADER = YES;
				CLANG_WARN_RANGE_LOOP_ANALYSIS = YES;
				CLANG_WARN_STRICT_PROTOTYPES = YES;
				CLANG_WARN_SUSPICIOUS_MOVE = YES;
				CLANG_WARN_UNGUARDED_AVAILABILITY = YES_AGGRESSIVE;
				CLANG_WARN_UNREACHABLE_CODE = YES;
				CLANG_WARN__DUPLICATE_METHOD_MATCH = YES;
				COPY_PHASE_STRIP = NO;
				DEBUG_INFORMATION_FORMAT = "dwarf-with-dsym";
				ENABLE_NS_ASSERTIONS = NO;
				ENABLE_STRICT_OBJC_MSGSEND = YES;
				ENABLE_USER_SCRIPT_SANDBOXING = YES;
				GCC_C_LANGUAGE_STANDARD = gnu17;
				GCC_NO_COMMON_BLOCKS = YES;
				GCC_WARN_64_TO_32_BIT_CONVERSION = YES;
				GCC_WARN_ABOUT_RETURN_TYPE = YES_ERROR;
				GCC_WARN_UNDECLARED_SELECTOR = YES;
				GCC_WARN_UNINITIALIZED_AUTOS = YES_AGGRESSIVE;
				GCC_WARN_UNUSED_FUNCTION = YES;
				GCC_WARN_UNUSED_VARIABLE = YES;
				IPHONEOS_DEPLOYMENT_TARGET = 17.0;
				LOCALIZATION_PREFERS_STRING_CATALOGS = YES;
				MTL_ENABLE_DEBUG_INFO = NO;
				MTL_FAST_MATH = YES;
				SDKROOT = iphoneos;
				SWIFT_COMPILATION_MODE = wholemodule;
				VALIDATE_PRODUCT = YES;
			};
			name = Release;
		};
		87E3132E2ADC453B00761FC0 /* Debug */ = {
			isa = XCBuildConfiguration;
			buildSettings = {
				ASSETCATALOG_COMPILER_APPICON_NAME = AppIcon;
				ASSETCATALOG_COMPILER_GLOBAL_ACCENT_COLOR_NAME = AccentColor;
				CODE_SIGN_STYLE = Automatic;
				CURRENT_PROJECT_VERSION = 1;
				DEVELOPMENT_TEAM = 7F9PNG6Y95;
				GENERATE_INFOPLIST_FILE = YES;
				INFOPLIST_FILE = PlantSrore/Info.plist;
				INFOPLIST_KEY_UIApplicationSupportsIndirectInputEvents = YES;
				INFOPLIST_KEY_UILaunchStoryboardName = LaunchScreen;
				INFOPLIST_KEY_UISupportedInterfaceOrientations = UIInterfaceOrientationPortrait;
				INFOPLIST_KEY_UISupportedInterfaceOrientations_iPad = "UIInterfaceOrientationLandscapeLeft UIInterfaceOrientationLandscapeRight UIInterfaceOrientationPortrait UIInterfaceOrientationPortraitUpsideDown";
				LD_RUNPATH_SEARCH_PATHS = (
					"$(inherited)",
					"@executable_path/Frameworks",
				);
				MARKETING_VERSION = 1.0;
				PRODUCT_BUNDLE_IDENTIFIER = AlekseyBu.PlantSrore;
				PRODUCT_NAME = "$(TARGET_NAME)";
				SUPPORTED_PLATFORMS = "iphoneos iphonesimulator";
				SUPPORTS_MACCATALYST = NO;
				SUPPORTS_MAC_DESIGNED_FOR_IPHONE_IPAD = NO;
				SWIFT_EMIT_LOC_STRINGS = YES;
				SWIFT_VERSION = 5.0;
				TARGETED_DEVICE_FAMILY = 1;
			};
			name = Debug;
		};
		87E3132F2ADC453B00761FC0 /* Release */ = {
			isa = XCBuildConfiguration;
			buildSettings = {
				ASSETCATALOG_COMPILER_APPICON_NAME = AppIcon;
				ASSETCATALOG_COMPILER_GLOBAL_ACCENT_COLOR_NAME = AccentColor;
				CODE_SIGN_STYLE = Automatic;
				CURRENT_PROJECT_VERSION = 1;
				DEVELOPMENT_TEAM = 7F9PNG6Y95;
				GENERATE_INFOPLIST_FILE = YES;
				INFOPLIST_FILE = PlantSrore/Info.plist;
				INFOPLIST_KEY_UIApplicationSupportsIndirectInputEvents = YES;
				INFOPLIST_KEY_UILaunchStoryboardName = LaunchScreen;
				INFOPLIST_KEY_UISupportedInterfaceOrientations = UIInterfaceOrientationPortrait;
				INFOPLIST_KEY_UISupportedInterfaceOrientations_iPad = "UIInterfaceOrientationLandscapeLeft UIInterfaceOrientationLandscapeRight UIInterfaceOrientationPortrait UIInterfaceOrientationPortraitUpsideDown";
				LD_RUNPATH_SEARCH_PATHS = (
					"$(inherited)",
					"@executable_path/Frameworks",
				);
				MARKETING_VERSION = 1.0;
				PRODUCT_BUNDLE_IDENTIFIER = AlekseyBu.PlantSrore;
				PRODUCT_NAME = "$(TARGET_NAME)";
				SUPPORTED_PLATFORMS = "iphoneos iphonesimulator";
				SUPPORTS_MACCATALYST = NO;
				SUPPORTS_MAC_DESIGNED_FOR_IPHONE_IPAD = NO;
				SWIFT_EMIT_LOC_STRINGS = YES;
				SWIFT_VERSION = 5.0;
				TARGETED_DEVICE_FAMILY = 1;
			};
			name = Release;
		};
/* End XCBuildConfiguration section */

/* Begin XCConfigurationList section */
		87E313142ADC453900761FC0 /* Build configuration list for PBXProject "PlantSrore" */ = {
			isa = XCConfigurationList;
			buildConfigurations = (
				87E3132B2ADC453B00761FC0 /* Debug */,
				87E3132C2ADC453B00761FC0 /* Release */,
			);
			defaultConfigurationIsVisible = 0;
			defaultConfigurationName = Release;
		};
		87E3132D2ADC453B00761FC0 /* Build configuration list for PBXNativeTarget "PlantSrore" */ = {
			isa = XCConfigurationList;
			buildConfigurations = (
				87E3132E2ADC453B00761FC0 /* Debug */,
				87E3132F2ADC453B00761FC0 /* Release */,
			);
			defaultConfigurationIsVisible = 0;
			defaultConfigurationName = Release;
		};
/* End XCConfigurationList section */

/* Begin XCRemoteSwiftPackageReference section */
		871AC9FC2AEA710600EE35C6 /* XCRemoteSwiftPackageReference "SnapKit" */ = {
			isa = XCRemoteSwiftPackageReference;
			repositoryURL = "https://github.com/SnapKit/SnapKit.git";
			requirement = {
				kind = upToNextMajorVersion;
				minimumVersion = 5.6.0;
			};
		};
/* End XCRemoteSwiftPackageReference section */

/* Begin XCSwiftPackageProductDependency section */
		871AC9FD2AEA710600EE35C6 /* SnapKit */ = {
			isa = XCSwiftPackageProductDependency;
			package = 871AC9FC2AEA710600EE35C6 /* XCRemoteSwiftPackageReference "SnapKit" */;
			productName = SnapKit;
		};
		871AC9FF2AEA710600EE35C6 /* SnapKit-Dynamic */ = {
			isa = XCSwiftPackageProductDependency;
			package = 871AC9FC2AEA710600EE35C6 /* XCRemoteSwiftPackageReference "SnapKit" */;
			productName = "SnapKit-Dynamic";
		};
/* End XCSwiftPackageProductDependency section */
	};
	rootObject = 87E313112ADC453900761FC0 /* Project object */;
}
